
Microsoft Visual Studio Solution File, Format Version 12.00
# Visual Studio Version 17
VisualStudioVersion = 17.11.35327.3
MinimumVisualStudioVersion = 10.0.40219.1
Project("{FAE04EC0-301F-11D3-BF4B-00C04F79EFBC}") = "ImageToRGBA", "ImageToRGBA.csproj", "{C2FACBDA-766A-462D-8D16-2263FF9AA354}"
EndProject
Global
	GlobalSection(SolutionConfigurationPlatforms) = preSolution
		Debug|Any CPU = Debug|Any CPU
		Release|Any CPU = Release|Any CPU
	EndGlobalSection
	GlobalSection(ProjectConfigurationPlatforms) = postSolution
		{C2FACBDA-766A-462D-8D16-2263FF9AA354}.Debug|Any CPU.ActiveCfg = Debug|Any CPU
		{C2FACBDA-766A-462D-8D16-2263FF9AA354}.Debug|Any CPU.Build.0 = Debug|Any CPU
		{C2FACBDA-766A-462D-8D16-2263FF9AA354}.Release|Any CPU.ActiveCfg = Release|Any CPU
		{C2FACBDA-766A-462D-8D16-2263FF9AA354}.Release|Any CPU.Build.0 = Release|Any CPU
	EndGlobalSection
	GlobalSection(SolutionProperties) = preSolution
		HideSolutionNode = FALSE
	EndGlobalSection
	GlobalSection(ExtensibilityGlobals) = postSolution
		SolutionGuid = {56B9BB04-8BDA-4744-BEC8-B5C09CD75032}
	EndGlobalSection
EndGlobal
